
Microsoft Visual Studio Solution File, Format Version 12.00
# Visual Studio Version 16
VisualStudioVersion = 16.0.34902.97
MinimumVisualStudioVersion = 10.0.40219.1
Project("{FAE04EC0-301F-11D3-BF4B-00C04F79EFBC}") = "MyFirstWebApp", "MyFirstWebApp\MyFirstWebApp.csproj", "{E9935DE2-24C3-46F7-AA9F-E51B9B690BB6}"
EndProject
Global
	GlobalSection(SolutionConfigurationPlatforms) = preSolution
		Debug|Any CPU = Debug|Any CPU
		Release|Any CPU = Release|Any CPU
	EndGlobalSection
	GlobalSection(ProjectConfigurationPlatforms) = postSolution
		{E9935DE2-24C3-46F7-AA9F-E51B9B690BB6}.Debug|Any CPU.ActiveCfg = Debug|Any CPU
		{E9935DE2-24C3-46F7-AA9F-E51B9B690BB6}.Debug|Any CPU.Build.0 = Debug|Any CPU
		{E9935DE2-24C3-46F7-AA9F-E51B9B690BB6}.Release|Any CPU.ActiveCfg = Release|Any CPU
		{E9935DE2-24C3-46F7-AA9F-E51B9B690BB6}.Release|Any CPU.Build.0 = Release|Any CPU
	EndGlobalSection
	GlobalSection(SolutionProperties) = preSolution
		HideSolutionNode = FALSE
	EndGlobalSection
	GlobalSection(ExtensibilityGlobals) = postSolution
		SolutionGuid = {31337631-44CD-4B56-A3CE-7A8E3134FD40}
	EndGlobalSection
EndGlobal
